
Microsoft Visual Studio Solution File, Format Version 12.00
# Visual Studio 15
VisualStudioVersion = 15.0.28307.168
MinimumVisualStudioVersion = 10.0.40219.1
Project("{FAE04EC0-301F-11D3-BF4B-00C04F79EFBC}") = "Api", "Api\Api.csproj", "{22ECD30A-F530-48C7-8807-4B234E38BECC}"
EndProject
Project("{FAE04EC0-301F-11D3-BF4B-00C04F79EFBC}") = "Web", "Web\Web.csproj", "{B1928751-2EC2-42E4-8BAA-773D90B585B5}"
EndProject
Global
	GlobalSection(SolutionConfigurationPlatforms) = preSolution
		Debug|Any CPU = Debug|Any CPU
		Release|Any CPU = Release|Any CPU
	EndGlobalSection
	GlobalSection(ProjectConfigurationPlatforms) = postSolution
		{22ECD30A-F530-48C7-8807-4B234E38BECC}.Debug|Any CPU.ActiveCfg = Debug|Any CPU
		{22ECD30A-F530-48C7-8807-4B234E38BECC}.Debug|Any CPU.Build.0 = Debug|Any CPU
		{22ECD30A-F530-48C7-8807-4B234E38BECC}.Release|Any CPU.ActiveCfg = Release|Any CPU
		{22ECD30A-F530-48C7-8807-4B234E38BECC}.Release|Any CPU.Build.0 = Release|Any CPU
		{B1928751-2EC2-42E4-8BAA-773D90B585B5}.Debug|Any CPU.ActiveCfg = Debug|Any CPU
		{B1928751-2EC2-42E4-8BAA-773D90B585B5}.Debug|Any CPU.Build.0 = Debug|Any CPU
		{B1928751-2EC2-42E4-8BAA-773D90B585B5}.Release|Any CPU.ActiveCfg = Release|Any CPU
		{B1928751-2EC2-42E4-8BAA-773D90B585B5}.Release|Any CPU.Build.0 = Release|Any CPU
	EndGlobalSection
	GlobalSection(SolutionProperties) = preSolution
		HideSolutionNode = FALSE
	EndGlobalSection
	GlobalSection(ExtensibilityGlobals) = postSolution
		SolutionGuid = {D41F9BC4-85A7-4EBC-B779-5948B135CE9E}
	EndGlobalSection
EndGlobal
